
Microsoft Visual Studio Solution File, Format Version 12.00
# Visual Studio Version 17
VisualStudioVersion = 17.7.34202.233
MinimumVisualStudioVersion = 10.0.40219.1
Project("{FAE04EC0-301F-11D3-BF4B-00C04F79EFBC}") = "Collections", "Collections\Collections.csproj", "{90225A49-EF0A-484B-88D7-197E62373B0A}"
EndProject
Global
	GlobalSection(SolutionConfigurationPlatforms) = preSolution
		Debug|Any CPU = Debug|Any CPU
		Release|Any CPU = Release|Any CPU
	EndGlobalSection
	GlobalSection(ProjectConfigurationPlatforms) = postSolution
		{90225A49-EF0A-484B-88D7-197E62373B0A}.Debug|Any CPU.ActiveCfg = Debug|Any CPU
		{90225A49-EF0A-484B-88D7-197E62373B0A}.Debug|Any CPU.Build.0 = Debug|Any CPU
		{90225A49-EF0A-484B-88D7-197E62373B0A}.Release|Any CPU.ActiveCfg = Release|Any CPU
		{90225A49-EF0A-484B-88D7-197E62373B0A}.Release|Any CPU.Build.0 = Release|Any CPU
	EndGlobalSection
	GlobalSection(SolutionProperties) = preSolution
		HideSolutionNode = FALSE
	EndGlobalSection
	GlobalSection(ExtensibilityGlobals) = postSolution
		SolutionGuid = {E3E6C410-6634-4883-9EFF-5FF29C9DC512}
	EndGlobalSection
EndGlobal
