
Microsoft Visual Studio Solution File, Format Version 12.00
# Visual Studio Version 17
VisualStudioVersion = 17.7.34202.233
MinimumVisualStudioVersion = 10.0.40219.1
Project("{FAE04EC0-301F-11D3-BF4B-00C04F79EFBC}") = "EmPloyeeTesting", "EmPloyeeTesting\EmPloyeeTesting.csproj", "{D9BEC19E-E179-454E-8806-C5F007DAA150}"
EndProject
Project("{FAE04EC0-301F-11D3-BF4B-00C04F79EFBC}") = "TestProject", "TestProject\TestProject.csproj", "{FCD88926-3497-4BC5-9276-B4938635FB6B}"
EndProject
Global
	GlobalSection(SolutionConfigurationPlatforms) = preSolution
		Debug|Any CPU = Debug|Any CPU
		Release|Any CPU = Release|Any CPU
	EndGlobalSection
	GlobalSection(ProjectConfigurationPlatforms) = postSolution
		{D9BEC19E-E179-454E-8806-C5F007DAA150}.Debug|Any CPU.ActiveCfg = Debug|Any CPU
		{D9BEC19E-E179-454E-8806-C5F007DAA150}.Debug|Any CPU.Build.0 = Debug|Any CPU
		{D9BEC19E-E179-454E-8806-C5F007DAA150}.Release|Any CPU.ActiveCfg = Release|Any CPU
		{D9BEC19E-E179-454E-8806-C5F007DAA150}.Release|Any CPU.Build.0 = Release|Any CPU
		{FCD88926-3497-4BC5-9276-B4938635FB6B}.Debug|Any CPU.ActiveCfg = Debug|Any CPU
		{FCD88926-3497-4BC5-9276-B4938635FB6B}.Debug|Any CPU.Build.0 = Debug|Any CPU
		{FCD88926-3497-4BC5-9276-B4938635FB6B}.Release|Any CPU.ActiveCfg = Release|Any CPU
		{FCD88926-3497-4BC5-9276-B4938635FB6B}.Release|Any CPU.Build.0 = Release|Any CPU
	EndGlobalSection
	GlobalSection(SolutionProperties) = preSolution
		HideSolutionNode = FALSE
	EndGlobalSection
	GlobalSection(ExtensibilityGlobals) = postSolution
		SolutionGuid = {167A7C44-A9FC-405D-ABF6-E8AD53146A52}
	EndGlobalSection
EndGlobal
