<<<<<<< HEAD
﻿
Microsoft Visual Studio Solution File, Format Version 12.00
# Visual Studio Version 17
VisualStudioVersion = 17.7.34202.233
MinimumVisualStudioVersion = 10.0.40219.1
Project("{FAE04EC0-301F-11D3-BF4B-00C04F79EFBC}") = "Practice", "Practice\Practice.csproj", "{2A79DF86-9954-4B57-AD01-0C8759E51A47}"
EndProject
Global
	GlobalSection(SolutionConfigurationPlatforms) = preSolution
		Debug|Any CPU = Debug|Any CPU
		Release|Any CPU = Release|Any CPU
	EndGlobalSection
	GlobalSection(ProjectConfigurationPlatforms) = postSolution
		{2A79DF86-9954-4B57-AD01-0C8759E51A47}.Debug|Any CPU.ActiveCfg = Debug|Any CPU
		{2A79DF86-9954-4B57-AD01-0C8759E51A47}.Debug|Any CPU.Build.0 = Debug|Any CPU
		{2A79DF86-9954-4B57-AD01-0C8759E51A47}.Release|Any CPU.ActiveCfg = Release|Any CPU
		{2A79DF86-9954-4B57-AD01-0C8759E51A47}.Release|Any CPU.Build.0 = Release|Any CPU
	EndGlobalSection
	GlobalSection(SolutionProperties) = preSolution
		HideSolutionNode = FALSE
	EndGlobalSection
	GlobalSection(ExtensibilityGlobals) = postSolution
		SolutionGuid = {0DCB360C-9513-4C4C-B55C-7FB374A055E8}
	EndGlobalSection
EndGlobal
=======
﻿
Microsoft Visual Studio Solution File, Format Version 12.00
# Visual Studio Version 17
VisualStudioVersion = 17.7.34202.233
MinimumVisualStudioVersion = 10.0.40219.1
Project("{FAE04EC0-301F-11D3-BF4B-00C04F79EFBC}") = "Practice", "Practice\Practice.csproj", "{2A79DF86-9954-4B57-AD01-0C8759E51A47}"
EndProject
Global
	GlobalSection(SolutionConfigurationPlatforms) = preSolution
		Debug|Any CPU = Debug|Any CPU
		Release|Any CPU = Release|Any CPU
	EndGlobalSection
	GlobalSection(ProjectConfigurationPlatforms) = postSolution
		{2A79DF86-9954-4B57-AD01-0C8759E51A47}.Debug|Any CPU.ActiveCfg = Debug|Any CPU
		{2A79DF86-9954-4B57-AD01-0C8759E51A47}.Debug|Any CPU.Build.0 = Debug|Any CPU
		{2A79DF86-9954-4B57-AD01-0C8759E51A47}.Release|Any CPU.ActiveCfg = Release|Any CPU
		{2A79DF86-9954-4B57-AD01-0C8759E51A47}.Release|Any CPU.Build.0 = Release|Any CPU
	EndGlobalSection
	GlobalSection(SolutionProperties) = preSolution
		HideSolutionNode = FALSE
	EndGlobalSection
	GlobalSection(ExtensibilityGlobals) = postSolution
		SolutionGuid = {0DCB360C-9513-4C4C-B55C-7FB374A055E8}
	EndGlobalSection
EndGlobal
>>>>>>> 04deadebb31232fe066a62176929eaa106a76b6b
