
Microsoft Visual Studio Solution File, Format Version 12.00
# Visual Studio Version 17
VisualStudioVersion = 17.7.34202.233
MinimumVisualStudioVersion = 10.0.40219.1
Project("{FAE04EC0-301F-11D3-BF4B-00C04F79EFBC}") = "HashTableProgram", "HashTableProgram\HashTableProgram.csproj", "{818040B3-9832-4CB1-B7CC-DF8CEBB36F40}"
EndProject
Global
	GlobalSection(SolutionConfigurationPlatforms) = preSolution
		Debug|Any CPU = Debug|Any CPU
		Release|Any CPU = Release|Any CPU
	EndGlobalSection
	GlobalSection(ProjectConfigurationPlatforms) = postSolution
		{818040B3-9832-4CB1-B7CC-DF8CEBB36F40}.Debug|Any CPU.ActiveCfg = Debug|Any CPU
		{818040B3-9832-4CB1-B7CC-DF8CEBB36F40}.Debug|Any CPU.Build.0 = Debug|Any CPU
		{818040B3-9832-4CB1-B7CC-DF8CEBB36F40}.Release|Any CPU.ActiveCfg = Release|Any CPU
		{818040B3-9832-4CB1-B7CC-DF8CEBB36F40}.Release|Any CPU.Build.0 = Release|Any CPU
	EndGlobalSection
	GlobalSection(SolutionProperties) = preSolution
		HideSolutionNode = FALSE
	EndGlobalSection
	GlobalSection(ExtensibilityGlobals) = postSolution
		SolutionGuid = {3172EADD-E4B6-4987-A1FB-6EB456E348E2}
	EndGlobalSection
EndGlobal
