
Microsoft Visual Studio Solution File, Format Version 12.00
# Visual Studio Version 17
VisualStudioVersion = 17.7.34202.233
MinimumVisualStudioVersion = 10.0.40219.1
Project("{FAE04EC0-301F-11D3-BF4B-00C04F79EFBC}") = "DateTimeConcepts", "DateTimeConcepts\DateTimeConcepts.csproj", "{CE92FB94-B4E3-4B24-8972-6FAFBFED9541}"
EndProject
Global
	GlobalSection(SolutionConfigurationPlatforms) = preSolution
		Debug|Any CPU = Debug|Any CPU
		Release|Any CPU = Release|Any CPU
	EndGlobalSection
	GlobalSection(ProjectConfigurationPlatforms) = postSolution
		{CE92FB94-B4E3-4B24-8972-6FAFBFED9541}.Debug|Any CPU.ActiveCfg = Debug|Any CPU
		{CE92FB94-B4E3-4B24-8972-6FAFBFED9541}.Debug|Any CPU.Build.0 = Debug|Any CPU
		{CE92FB94-B4E3-4B24-8972-6FAFBFED9541}.Release|Any CPU.ActiveCfg = Release|Any CPU
		{CE92FB94-B4E3-4B24-8972-6FAFBFED9541}.Release|Any CPU.Build.0 = Release|Any CPU
	EndGlobalSection
	GlobalSection(SolutionProperties) = preSolution
		HideSolutionNode = FALSE
	EndGlobalSection
	GlobalSection(ExtensibilityGlobals) = postSolution
		SolutionGuid = {764C5AA4-0384-437A-B91C-2469E943D4E6}
	EndGlobalSection
EndGlobal
