
Microsoft Visual Studio Solution File, Format Version 12.00
# Visual Studio Version 17
VisualStudioVersion = 17.7.34202.233
MinimumVisualStudioVersion = 10.0.40219.1
Project("{FAE04EC0-301F-11D3-BF4B-00C04F79EFBC}") = "DateAndTimeReview", "DateAndTimeReview\DateAndTimeReview.csproj", "{40D9F116-A811-4CF3-87B5-4D0CE594BB72}"
EndProject
Global
	GlobalSection(SolutionConfigurationPlatforms) = preSolution
		Debug|Any CPU = Debug|Any CPU
		Release|Any CPU = Release|Any CPU
	EndGlobalSection
	GlobalSection(ProjectConfigurationPlatforms) = postSolution
		{40D9F116-A811-4CF3-87B5-4D0CE594BB72}.Debug|Any CPU.ActiveCfg = Debug|Any CPU
		{40D9F116-A811-4CF3-87B5-4D0CE594BB72}.Debug|Any CPU.Build.0 = Debug|Any CPU
		{40D9F116-A811-4CF3-87B5-4D0CE594BB72}.Release|Any CPU.ActiveCfg = Release|Any CPU
		{40D9F116-A811-4CF3-87B5-4D0CE594BB72}.Release|Any CPU.Build.0 = Release|Any CPU
	EndGlobalSection
	GlobalSection(SolutionProperties) = preSolution
		HideSolutionNode = FALSE
	EndGlobalSection
	GlobalSection(ExtensibilityGlobals) = postSolution
		SolutionGuid = {B3C41408-B3EF-475F-8A49-B8A728075E5C}
	EndGlobalSection
EndGlobal
