
Microsoft Visual Studio Solution File, Format Version 12.00
# Visual Studio Version 17
VisualStudioVersion = 17.7.34202.233
MinimumVisualStudioVersion = 10.0.40219.1
Project("{FAE04EC0-301F-11D3-BF4B-00C04F79EFBC}") = "LinQ.Arrays", "LinQ\LinQ.Arrays.csproj", "{79027ACD-4E65-4436-9014-F8857929E078}"
EndProject
Global
	GlobalSection(SolutionConfigurationPlatforms) = preSolution
		Debug|Any CPU = Debug|Any CPU
		Release|Any CPU = Release|Any CPU
	EndGlobalSection
	GlobalSection(ProjectConfigurationPlatforms) = postSolution
		{79027ACD-4E65-4436-9014-F8857929E078}.Debug|Any CPU.ActiveCfg = Debug|Any CPU
		{79027ACD-4E65-4436-9014-F8857929E078}.Debug|Any CPU.Build.0 = Debug|Any CPU
		{79027ACD-4E65-4436-9014-F8857929E078}.Release|Any CPU.ActiveCfg = Release|Any CPU
		{79027ACD-4E65-4436-9014-F8857929E078}.Release|Any CPU.Build.0 = Release|Any CPU
	EndGlobalSection
	GlobalSection(SolutionProperties) = preSolution
		HideSolutionNode = FALSE
	EndGlobalSection
	GlobalSection(ExtensibilityGlobals) = postSolution
		SolutionGuid = {15193B4C-7C13-4DCA-8C05-433310C630B3}
	EndGlobalSection
EndGlobal
